<?xml version="1.0" encoding="utf-8"?>
<Project ToolsVersion="4.0" xmlns="http://schemas.microsoft.com/developer/msbuild/2003">
  <ItemGroup>
    <Filter Include="Source Files">
      <UniqueIdentifier>{4FC737F1-C7A5-4376-A066-2A32D752A2FF}</UniqueIdentifier>
      <Extensions>cpp;c;cc;cxx;c++;cppm;ixx;def;odl;idl;hpj;bat;asm;asmx</Extensions>
    </Filter>
    <Filter Include="Header Files">
      <UniqueIdentifier>{93995380-89BD-4b04-88EB-625FBE52EBFB}</UniqueIdentifier>
      <Extensions>h;hh;hpp;hxx;h++;hm;inl;inc;ipp;xsd</Extensions>
    </Filter>
    <Filter Include="Resource Files">
      <UniqueIdentifier>{67DA6AB6-F800-4c08-8B7A-83BB121AAD01}</UniqueIdentifier>
      <Extensions>rc;ico;cur;bmp;dlg;rc2;rct;bin;rgs;gif;jpg;jpeg;jpe;resx;tiff;tif;png;wav;mfcribbon-ms</Extensions>
    </Filter>
    <Filter Include="Header Files\Graphics">
      <UniqueIdentifier>{72918b4c-9290-4570-af70-cebb73d2a565}</UniqueIdentifier>
    </Filter>
    <Filter Include="Header Files\Physics">
      <UniqueIdentifier>{dd7c8600-22f1-439d-9507-86ed29587a4e}</UniqueIdentifier>
    </Filter>
    <Filter Include="Source Files\Physics">
      <UniqueIdentifier>{54a5510f-0e32-4e12-9a0d-4f6de268e430}</UniqueIdentifier>
    </Filter>
    <Filter Include="Header Files\Input">
      <UniqueIdentifier>{eeb64116-53da-4715-a269-1ac7df6f4c00}</UniqueIdentifier>
    </Filter>
    <Filter Include="Source Files\Input">
      <UniqueIdentifier>{e908afc6-8f97-47da-be10-2e16c3f754c6}</UniqueIdentifier>
    </Filter>
    <Filter Include="Header Files\Graphics\Textures">
      <UniqueIdentifier>{d463c6be-6212-4f62-8724-85251f7de74c}</UniqueIdentifier>
    </Filter>
    <Filter Include="Source Files\Graphics">
      <UniqueIdentifier>{c1975da3-7a0c-4ee5-9d0c-38e06e5e9b3d}</UniqueIdentifier>
    </Filter>
    <Filter Include="Source Files\Graphics\Textures">
      <UniqueIdentifier>{1bb4f8ff-3ede-4fcc-b614-642aeed6ef04}</UniqueIdentifier>
    </Filter>
    <Filter Include="Header Files\Graphics\Structures">
      <UniqueIdentifier>{cfb81cff-444b-47d4-8e53-f78c3eb26cac}</UniqueIdentifier>
    </Filter>
    <Filter Include="Source Files\Graphics\Structures">
      <UniqueIdentifier>{e985a165-0753-45d6-8dda-e45baf8c0e20}</UniqueIdentifier>
    </Filter>
    <Filter Include="Header Files\Graphics\Saveable">
      <UniqueIdentifier>{e959c2e6-4582-43a4-b054-7679063d46e8}</UniqueIdentifier>
    </Filter>
    <Filter Include="Source Files\Graphics\Saveable">
      <UniqueIdentifier>{f335f5ed-d014-4c4a-9cbc-3adc21b45f5e}</UniqueIdentifier>
    </Filter>
    <Filter Include="Header Files\Physics\ClientGameObjects">
      <UniqueIdentifier>{9900159d-1b8e-4e52-9d63-8e6b64fbb072}</UniqueIdentifier>
    </Filter>
    <Filter Include="Source Files\Physics\ClientGameObjects">
      <UniqueIdentifier>{f20f46a3-1981-4cd0-90df-de64009568dd}</UniqueIdentifier>
    </Filter>
  </ItemGroup>
  <ItemGroup>
    <ClInclude Include="Client.h">
      <Filter>Header Files</Filter>
    </ClInclude>
    <ClInclude Include="PacketHandler.h">
      <Filter>Header Files</Filter>
    </ClInclude>
    <ClInclude Include="GLCommon.h">
      <Filter>Header Files\Graphics</Filter>
    </ClInclude>
    <ClInclude Include="World.h">
      <Filter>Header Files\Physics</Filter>
    </ClInclude>
    <ClInclude Include="Input.h">
      <Filter>Header Files\Input</Filter>
    </ClInclude>
    <ClInclude Include="MouseCodes.h">
      <Filter>Header Files\Input</Filter>
    </ClInclude>
    <ClInclude Include="KeyCodes.h">
      <Filter>Header Files\Input</Filter>
    </ClInclude>
    <ClInclude Include="Renderer.h">
      <Filter>Header Files\Graphics</Filter>
    </ClInclude>
    <ClInclude Include="AlphaTexture.h">
      <Filter>Header Files\Graphics\Textures</Filter>
    </ClInclude>
    <ClInclude Include="DiffuseTexture.h">
      <Filter>Header Files\Graphics\Textures</Filter>
    </ClInclude>
    <ClInclude Include="DiscardTexture.h">
      <Filter>Header Files\Graphics\Textures</Filter>
    </ClInclude>
    <ClInclude Include="EnvironmentMap.h">
      <Filter>Header Files\Graphics\Textures</Filter>
    </ClInclude>
    <ClInclude Include="HeightMapTexture.h">
      <Filter>Header Files\Graphics\Textures</Filter>
    </ClInclude>
    <ClInclude Include="TextureManager.h">
      <Filter>Header Files\Graphics\Textures</Filter>
    </ClInclude>
    <ClInclude Include="Texture.h">
      <Filter>Header Files\Graphics\Textures</Filter>
    </ClInclude>
    <ClInclude Include="IndexBuffer.h">
      <Filter>Header Files\Graphics\Structures</Filter>
    </ClInclude>
    <ClInclude Include="VertexArrayObject.h">
      <Filter>Header Files\Graphics\Structures</Filter>
    </ClInclude>
    <ClInclude Include="VertexBuffer.h">
      <Filter>Header Files\Graphics\Structures</Filter>
    </ClInclude>
    <ClInclude Include="VertexInformation.h">
      <Filter>Header Files\Graphics\Structures</Filter>
    </ClInclude>
    <ClInclude Include="MeshManager.h">
      <Filter>Header Files\Graphics</Filter>
    </ClInclude>
    <ClInclude Include="Shader.h">
      <Filter>Header Files\Graphics</Filter>
    </ClInclude>
    <ClInclude Include="Mesh.h">
      <Filter>Header Files\Graphics</Filter>
    </ClInclude>
    <ClInclude Include="Camera.h">
      <Filter>Header Files\Graphics</Filter>
    </ClInclude>
    <ClInclude Include="Serializable.h">
      <Filter>Header Files</Filter>
    </ClInclude>
    <ClInclude Include="Light.h">
      <Filter>Header Files\Graphics</Filter>
    </ClInclude>
    <ClInclude Include="PlayerController.h">
      <Filter>Header Files\Input</Filter>
    </ClInclude>
    <ClInclude Include="SaveableTexture.h">
      <Filter>Header Files\Graphics\Saveable</Filter>
    </ClInclude>
    <ClInclude Include="SaveableMesh.h">
      <Filter>Header Files\Graphics\Saveable</Filter>
    </ClInclude>
    <ClInclude Include="StaticScene.h">
      <Filter>Header Files\Graphics\Saveable</Filter>
    </ClInclude>
    <ClInclude Include="UUID.h">
      <Filter>Header Files</Filter>
    </ClInclude>
    <ClInclude Include="SaveableCollider.h">
      <Filter>Header Files\Graphics\Saveable</Filter>
    </ClInclude>
    <ClInclude Include="ClientPlayer.h">
      <Filter>Header Files\Physics\ClientGameObjects</Filter>
    </ClInclude>
    <ClInclude Include="ClientGameObject.h">
      <Filter>Header Files\Physics\ClientGameObjects</Filter>
    </ClInclude>
    <ClInclude Include="ClientSphere.h">
      <Filter>Header Files\Physics\ClientGameObjects</Filter>
    </ClInclude>
    <ClInclude Include="YAMLOverloads.h">
      <Filter>Header Files\Graphics\Saveable</Filter>
    </ClInclude>
  </ItemGroup>
  <ItemGroup>
    <ClCompile Include="Client.cpp">
      <Filter>Source Files</Filter>
    </ClCompile>
    <ClCompile Include="main.cpp">
      <Filter>Source Files</Filter>
    </ClCompile>
    <ClCompile Include="PacketHandler.cpp">
      <Filter>Source Files</Filter>
    </ClCompile>
    <ClCompile Include="World.cpp">
      <Filter>Source Files\Physics</Filter>
    </ClCompile>
    <ClCompile Include="glad.c">
      <Filter>Source Files</Filter>
    </ClCompile>
    <ClCompile Include="Input.cpp">
      <Filter>Source Files\Input</Filter>
    </ClCompile>
    <ClCompile Include="AlphaTexture.cpp">
      <Filter>Source Files\Graphics\Textures</Filter>
    </ClCompile>
    <ClCompile Include="DiffuseTexture.cpp">
      <Filter>Source Files\Graphics\Textures</Filter>
    </ClCompile>
    <ClCompile Include="DiscardTexture.cpp">
      <Filter>Source Files\Graphics\Textures</Filter>
    </ClCompile>
    <ClCompile Include="EnvironmentMap.cpp">
      <Filter>Source Files\Graphics\Textures</Filter>
    </ClCompile>
    <ClCompile Include="HeightMapTexture.cpp">
      <Filter>Source Files\Graphics\Textures</Filter>
    </ClCompile>
    <ClCompile Include="IndexBuffer.cpp">
      <Filter>Source Files\Graphics\Structures</Filter>
    </ClCompile>
    <ClCompile Include="VertexArrayObject.cpp">
      <Filter>Source Files\Graphics\Structures</Filter>
    </ClCompile>
    <ClCompile Include="VertexBuffer.cpp">
      <Filter>Source Files\Graphics\Structures</Filter>
    </ClCompile>
    <ClCompile Include="Mesh.cpp">
      <Filter>Source Files\Graphics</Filter>
    </ClCompile>
    <ClCompile Include="MeshManager.cpp">
      <Filter>Source Files\Graphics</Filter>
    </ClCompile>
    <ClCompile Include="Renderer.cpp">
      <Filter>Source Files\Graphics</Filter>
    </ClCompile>
    <ClCompile Include="Shader.cpp">
      <Filter>Source Files\Graphics</Filter>
    </ClCompile>
    <ClCompile Include="Camera.cpp">
      <Filter>Source Files\Graphics</Filter>
    </ClCompile>
    <ClCompile Include="Light.cpp">
      <Filter>Source Files\Graphics</Filter>
    </ClCompile>
    <ClCompile Include="PlayerController.cpp">
      <Filter>Source Files\Input</Filter>
    </ClCompile>
    <ClCompile Include="SaveableTexture.cpp">
      <Filter>Source Files\Graphics\Textures</Filter>
    </ClCompile>
    <ClCompile Include="TextureManager.cpp">
      <Filter>Source Files\Graphics\Saveable</Filter>
    </ClCompile>
    <ClCompile Include="SaveableMesh.cpp">
      <Filter>Source Files\Graphics\Saveable</Filter>
    </ClCompile>
    <ClCompile Include="StaticScene.cpp">
      <Filter>Source Files\Graphics\Saveable</Filter>
    </ClCompile>
    <ClCompile Include="UUID.cpp">
      <Filter>Source Files</Filter>
    </ClCompile>
    <ClCompile Include="SaveableCollider.cpp">
      <Filter>Source Files\Graphics\Saveable</Filter>
    </ClCompile>
    <ClCompile Include="ClientPlayer.cpp">
      <Filter>Source Files\Physics\ClientGameObjects</Filter>
    </ClCompile>
    <ClCompile Include="ClientGameObject.cpp">
      <Filter>Source Files\Physics\ClientGameObjects</Filter>
    </ClCompile>
    <ClCompile Include="YAMLOverloads.cpp">
      <Filter>Source Files\Graphics\Saveable</Filter>
    </ClCompile>
  </ItemGroup>
</Project>