
Microsoft Visual Studio Solution File, Format Version 12.00
# Visual Studio Version 16
VisualStudioVersion = 16.0.31624.102
MinimumVisualStudioVersion = 10.0.40219.1
Project("{8BC9CEB8-8B4A-11D0-8D11-00A0C91BC942}") = "Server", "Server\Server.vcxproj", "{165E0395-C9A4-4D91-BA27-0579C60E3648}"
EndProject
Project("{8BC9CEB8-8B4A-11D0-8D11-00A0C91BC942}") = "NetworkUtilities", "NetworkUtilities\NetworkUtilities.vcxproj", "{4CA86691-EC3C-4F53-B643-BB749EBDD26B}"
EndProject
Project("{8BC9CEB8-8B4A-11D0-8D11-00A0C91BC942}") = "Client", "Client\Client.vcxproj", "{509B409B-18CD-4522-8DAA-A49F4F2C4FC6}"
EndProject
Global
	GlobalSection(SolutionConfigurationPlatforms) = preSolution
		Debug|x64 = Debug|x64
		Debug|x86 = Debug|x86
		Release|x64 = Release|x64
		Release|x86 = Release|x86
	EndGlobalSection
	GlobalSection(ProjectConfigurationPlatforms) = postSolution
		{165E0395-C9A4-4D91-BA27-0579C60E3648}.Debug|x64.ActiveCfg = Debug|x64
		{165E0395-C9A4-4D91-BA27-0579C60E3648}.Debug|x64.Build.0 = Debug|x64
		{165E0395-C9A4-4D91-BA27-0579C60E3648}.Debug|x86.ActiveCfg = Debug|Win32
		{165E0395-C9A4-4D91-BA27-0579C60E3648}.Debug|x86.Build.0 = Debug|Win32
		{165E0395-C9A4-4D91-BA27-0579C60E3648}.Release|x64.ActiveCfg = Release|x64
		{165E0395-C9A4-4D91-BA27-0579C60E3648}.Release|x64.Build.0 = Release|x64
		{165E0395-C9A4-4D91-BA27-0579C60E3648}.Release|x86.ActiveCfg = Release|Win32
		{165E0395-C9A4-4D91-BA27-0579C60E3648}.Release|x86.Build.0 = Release|Win32
		{4CA86691-EC3C-4F53-B643-BB749EBDD26B}.Debug|x64.ActiveCfg = Debug|x64
		{4CA86691-EC3C-4F53-B643-BB749EBDD26B}.Debug|x64.Build.0 = Debug|x64
		{4CA86691-EC3C-4F53-B643-BB749EBDD26B}.Debug|x86.ActiveCfg = Debug|Win32
		{4CA86691-EC3C-4F53-B643-BB749EBDD26B}.Debug|x86.Build.0 = Debug|Win32
		{4CA86691-EC3C-4F53-B643-BB749EBDD26B}.Release|x64.ActiveCfg = Release|x64
		{4CA86691-EC3C-4F53-B643-BB749EBDD26B}.Release|x64.Build.0 = Release|x64
		{4CA86691-EC3C-4F53-B643-BB749EBDD26B}.Release|x86.ActiveCfg = Release|Win32
		{4CA86691-EC3C-4F53-B643-BB749EBDD26B}.Release|x86.Build.0 = Release|Win32
		{509B409B-18CD-4522-8DAA-A49F4F2C4FC6}.Debug|x64.ActiveCfg = Debug|x64
		{509B409B-18CD-4522-8DAA-A49F4F2C4FC6}.Debug|x64.Build.0 = Debug|x64
		{509B409B-18CD-4522-8DAA-A49F4F2C4FC6}.Debug|x86.ActiveCfg = Debug|Win32
		{509B409B-18CD-4522-8DAA-A49F4F2C4FC6}.Debug|x86.Build.0 = Debug|Win32
		{509B409B-18CD-4522-8DAA-A49F4F2C4FC6}.Release|x64.ActiveCfg = Release|x64
		{509B409B-18CD-4522-8DAA-A49F4F2C4FC6}.Release|x64.Build.0 = Release|x64
		{509B409B-18CD-4522-8DAA-A49F4F2C4FC6}.Release|x86.ActiveCfg = Release|Win32
		{509B409B-18CD-4522-8DAA-A49F4F2C4FC6}.Release|x86.Build.0 = Release|Win32
	EndGlobalSection
	GlobalSection(SolutionProperties) = preSolution
		HideSolutionNode = FALSE
	EndGlobalSection
	GlobalSection(ExtensibilityGlobals) = postSolution
		SolutionGuid = {ABAEF296-9904-49E4-8108-E8AD2CD52BB1}
	EndGlobalSection
EndGlobal
